// !$*UTF8*$!
{
	archiveVersion = 1;
	classes = {
	};
	objectVersion = 50;
	objects = {

/* Begin PBXBuildFile section */
		C75A33D621F4232E0057E33C /* AppDelegate.swift in Sources */ = {isa = PBXBuildFile; fileRef = C75A33D521F4232E0057E33C /* AppDelegate.swift */; };
		C75A33D821F4232E0057E33C /* ViewController.swift in Sources */ = {isa = PBXBuildFile; fileRef = C75A33D721F4232E0057E33C /* ViewController.swift */; };
		C75A33DB21F4232E0057E33C /* Main.storyboard in Resources */ = {isa = PBXBuildFile; fileRef = C75A33D921F4232E0057E33C /* Main.storyboard */; };
		C75A33DD21F423310057E33C /* Assets.xcassets in Resources */ = {isa = PBXBuildFile; fileRef = C75A33DC21F423310057E33C /* Assets.xcassets */; };
		C75A33E021F423310057E33C /* LaunchScreen.storyboard in Resources */ = {isa = PBXBuildFile; fileRef = C75A33DE21F423310057E33C /* LaunchScreen.storyboard */; };
		C75A33E821F423EB0057E33C /* UnView.swift in Sources */ = {isa = PBXBuildFile; fileRef = C75A33E721F423EB0057E33C /* UnView.swift */; };
		C75A33EE21F4264E0057E33C /* UNService.swift in Sources */ = {isa = PBXBuildFile; fileRef = C75A33ED21F4264E0057E33C /* UNService.swift */; };
		C75A33F021F4540A0057E33C /* AlertService.swift in Sources */ = {isa = PBXBuildFile; fileRef = C75A33EF21F4540A0057E33C /* AlertService.swift */; };
		C75A33F221F494370057E33C /* CLService.swift in Sources */ = {isa = PBXBuildFile; fileRef = C75A33F121F494370057E33C /* CLService.swift */; };
		C75A33F421F4ABF50057E33C /* NotifivationAttachementType.swift in Sources */ = {isa = PBXBuildFile; fileRef = C75A33F321F4ABF50057E33C /* NotifivationAttachementType.swift */; };
		C75A33F621F4ACE70057E33C /* LocationAlert.png in Resources */ = {isa = PBXBuildFile; fileRef = C75A33F521F4ACE70057E33C /* LocationAlert.png */; };
		C75A33F821F4ACF00057E33C /* DateAlert.png in Resources */ = {isa = PBXBuildFile; fileRef = C75A33F721F4ACF00057E33C /* DateAlert.png */; };
		C75A33FA21F4ACFB0057E33C /* TimeAlert.png in Resources */ = {isa = PBXBuildFile; fileRef = C75A33F921F4ACFB0057E33C /* TimeAlert.png */; };
		C75A33FD21F4B4F50057E33C /* UNNotificationActionType.swift in Sources */ = {isa = PBXBuildFile; fileRef = C75A33FC21F4B4F50057E33C /* UNNotificationActionType.swift */; };
		C75A33FF21F4B52E0057E33C /* UNNotificationCategoryType.swift in Sources */ = {isa = PBXBuildFile; fileRef = C75A33FE21F4B52E0057E33C /* UNNotificationCategoryType.swift */; };
/* End PBXBuildFile section */

/* Begin PBXFileReference section */
		C75A33D221F4232E0057E33C /* LocalNotification.app */ = {isa = PBXFileReference; explicitFileType = wrapper.application; includeInIndex = 0; path = LocalNotification.app; sourceTree = BUILT_PRODUCTS_DIR; };
		C75A33D521F4232E0057E33C /* AppDelegate.swift */ = {isa = PBXFileReference; lastKnownFileType = sourcecode.swift; path = AppDelegate.swift; sourceTree = "<group>"; };
		C75A33D721F4232E0057E33C /* ViewController.swift */ = {isa = PBXFileReference; lastKnownFileType = sourcecode.swift; path = ViewController.swift; sourceTree = "<group>"; };
		C75A33DA21F4232E0057E33C /* Base */ = {isa = PBXFileReference; lastKnownFileType = file.storyboard; name = Base; path = Base.lproj/Main.storyboard; sourceTree = "<group>"; };
		C75A33DC21F423310057E33C /* Assets.xcassets */ = {isa = PBXFileReference; lastKnownFileType = folder.assetcatalog; path = Assets.xcassets; sourceTree = "<group>"; };
		C75A33DF21F423310057E33C /* Base */ = {isa = PBXFileReference; lastKnownFileType = file.storyboard; name = Base; path = Base.lproj/LaunchScreen.storyboard; sourceTree = "<group>"; };
		C75A33E121F423310057E33C /* Info.plist */ = {isa = PBXFileReference; lastKnownFileType = text.plist.xml; path = Info.plist; sourceTree = "<group>"; };
		C75A33E721F423EB0057E33C /* UnView.swift */ = {isa = PBXFileReference; lastKnownFileType = sourcecode.swift; path = UnView.swift; sourceTree = "<group>"; };
		C75A33ED21F4264E0057E33C /* UNService.swift */ = {isa = PBXFileReference; lastKnownFileType = sourcecode.swift; path = UNService.swift; sourceTree = "<group>"; };
		C75A33EF21F4540A0057E33C /* AlertService.swift */ = {isa = PBXFileReference; lastKnownFileType = sourcecode.swift; path = AlertService.swift; sourceTree = "<group>"; };
		C75A33F121F494370057E33C /* CLService.swift */ = {isa = PBXFileReference; lastKnownFileType = sourcecode.swift; path = CLService.swift; sourceTree = "<group>"; };
		C75A33F321F4ABF50057E33C /* NotifivationAttachementType.swift */ = {isa = PBXFileReference; lastKnownFileType = sourcecode.swift; path = NotifivationAttachementType.swift; sourceTree = "<group>"; };
		C75A33F521F4ACE70057E33C /* LocationAlert.png */ = {isa = PBXFileReference; lastKnownFileType = image.png; path = LocationAlert.png; sourceTree = "<group>"; };
		C75A33F721F4ACF00057E33C /* DateAlert.png */ = {isa = PBXFileReference; lastKnownFileType = image.png; path = DateAlert.png; sourceTree = "<group>"; };
		C75A33F921F4ACFB0057E33C /* TimeAlert.png */ = {isa = PBXFileReference; lastKnownFileType = image.png; path = TimeAlert.png; sourceTree = "<group>"; };
		C75A33FC21F4B4F50057E33C /* UNNotificationActionType.swift */ = {isa = PBXFileReference; lastKnownFileType = sourcecode.swift; path = UNNotificationActionType.swift; sourceTree = "<group>"; };
		C75A33FE21F4B52E0057E33C /* UNNotificationCategoryType.swift */ = {isa = PBXFileReference; lastKnownFileType = sourcecode.swift; path = UNNotificationCategoryType.swift; sourceTree = "<group>"; };
/* End PBXFileReference section */

/* Begin PBXFrameworksBuildPhase section */
		C75A33CF21F4232E0057E33C /* Frameworks */ = {
			isa = PBXFrameworksBuildPhase;
			buildActionMask = 2147483647;
			files = (
			);
			runOnlyForDeploymentPostprocessing = 0;
		};
/* End PBXFrameworksBuildPhase section */

/* Begin PBXGroup section */
		C75A33C921F4232E0057E33C = {
			isa = PBXGroup;
			children = (
				C75A33D421F4232E0057E33C /* LocalNotification */,
				C75A33D321F4232E0057E33C /* Products */,
			);
			sourceTree = "<group>";
		};
		C75A33D321F4232E0057E33C /* Products */ = {
			isa = PBXGroup;
			children = (
				C75A33D221F4232E0057E33C /* LocalNotification.app */,
			);
			name = Products;
			sourceTree = "<group>";
		};
		C75A33D421F4232E0057E33C /* LocalNotification */ = {
			isa = PBXGroup;
			children = (
				C75A33EC21F426380057E33C /* Service */,
				C75A33EB21F4262B0057E33C /* Model */,
				C75A33E921F426050057E33C /* Controller */,
				C75A33EA21F4260D0057E33C /* View */,
				C75A33FB21F4AFB50057E33C /* Notification */,
				C75A33E121F423310057E33C /* Info.plist */,
			);
			path = LocalNotification;
			sourceTree = "<group>";
		};
		C75A33E921F426050057E33C /* Controller */ = {
			isa = PBXGroup;
			children = (
				C75A33D521F4232E0057E33C /* AppDelegate.swift */,
				C75A33D721F4232E0057E33C /* ViewController.swift */,
			);
			path = Controller;
			sourceTree = "<group>";
		};
		C75A33EA21F4260D0057E33C /* View */ = {
			isa = PBXGroup;
			children = (
				C75A33E721F423EB0057E33C /* UnView.swift */,
				C75A33DC21F423310057E33C /* Assets.xcassets */,
				C75A33DE21F423310057E33C /* LaunchScreen.storyboard */,
				C75A33D921F4232E0057E33C /* Main.storyboard */,
			);
			path = View;
			sourceTree = "<group>";
		};
		C75A33EB21F4262B0057E33C /* Model */ = {
			isa = PBXGroup;
			children = (
				C75A33FC21F4B4F50057E33C /* UNNotificationActionType.swift */,
				C75A33FE21F4B52E0057E33C /* UNNotificationCategoryType.swift */,
				C75A33F321F4ABF50057E33C /* NotifivationAttachementType.swift */,
			);
			path = Model;
			sourceTree = "<group>";
		};
		C75A33EC21F426380057E33C /* Service */ = {
			isa = PBXGroup;
			children = (
				C75A33ED21F4264E0057E33C /* UNService.swift */,
				C75A33EF21F4540A0057E33C /* AlertService.swift */,
				C75A33F121F494370057E33C /* CLService.swift */,
			);
			path = Service;
			sourceTree = "<group>";
		};
		C75A33FB21F4AFB50057E33C /* Notification */ = {
			isa = PBXGroup;
			children = (
				C75A33F521F4ACE70057E33C /* LocationAlert.png */,
				C75A33F721F4ACF00057E33C /* DateAlert.png */,
				C75A33F921F4ACFB0057E33C /* TimeAlert.png */,
			);
			path = Notification;
			sourceTree = "<group>";
		};
/* End PBXGroup section */

/* Begin PBXNativeTarget section */
		C75A33D121F4232E0057E33C /* LocalNotification */ = {
			isa = PBXNativeTarget;
			buildConfigurationList = C75A33E421F423310057E33C /* Build configuration list for PBXNativeTarget "LocalNotification" */;
			buildPhases = (
				C75A33CE21F4232E0057E33C /* Sources */,
				C75A33CF21F4232E0057E33C /* Frameworks */,
				C75A33D021F4232E0057E33C /* Resources */,
			);
			buildRules = (
			);
			dependencies = (
			);
			name = LocalNotification;
			productName = LocalNotification;
			productReference = C75A33D221F4232E0057E33C /* LocalNotification.app */;
			productType = "com.apple.product-type.application";
		};
/* End PBXNativeTarget section */

/* Begin PBXProject section */
		C75A33CA21F4232E0057E33C /* Project object */ = {
			isa = PBXProject;
			attributes = {
				LastSwiftUpdateCheck = 1010;
				LastUpgradeCheck = 1010;
				ORGANIZATIONNAME = "Adarsha Upadhya";
				TargetAttributes = {
					C75A33D121F4232E0057E33C = {
						CreatedOnToolsVersion = 10.1;
					};
				};
			};
			buildConfigurationList = C75A33CD21F4232E0057E33C /* Build configuration list for PBXProject "LocalNotification" */;
			compatibilityVersion = "Xcode 9.3";
			developmentRegion = en;
			hasScannedForEncodings = 0;
			knownRegions = (
				en,
				Base,
			);
			mainGroup = C75A33C921F4232E0057E33C;
			productRefGroup = C75A33D321F4232E0057E33C /* Products */;
			projectDirPath = "";
			projectRoot = "";
			targets = (
				C75A33D121F4232E0057E33C /* LocalNotification */,
			);
		};
/* End PBXProject section */

/* Begin PBXResourcesBuildPhase section */
		C75A33D021F4232E0057E33C /* Resources */ = {
			isa = PBXResourcesBuildPhase;
			buildActionMask = 2147483647;
			files = (
				C75A33E021F423310057E33C /* LaunchScreen.storyboard in Resources */,
				C75A33F821F4ACF00057E33C /* DateAlert.png in Resources */,
				C75A33F621F4ACE70057E33C /* LocationAlert.png in Resources */,
				C75A33DD21F423310057E33C /* Assets.xcassets in Resources */,
				C75A33DB21F4232E0057E33C /* Main.storyboard in Resources */,
				C75A33FA21F4ACFB0057E33C /* TimeAlert.png in Resources */,
			);
			runOnlyForDeploymentPostprocessing = 0;
		};
/* End PBXResourcesBuildPhase section */

/* Begin PBXSourcesBuildPhase section */
		C75A33CE21F4232E0057E33C /* Sources */ = {
			isa = PBXSourcesBuildPhase;
			buildActionMask = 2147483647;
			files = (
				C75A33F221F494370057E33C /* CLService.swift in Sources */,
				C75A33D821F4232E0057E33C /* ViewController.swift in Sources */,
				C75A33D621F4232E0057E33C /* AppDelegate.swift in Sources */,
				C75A33FD21F4B4F50057E33C /* UNNotificationActionType.swift in Sources */,
				C75A33FF21F4B52E0057E33C /* UNNotificationCategoryType.swift in Sources */,
				C75A33F421F4ABF50057E33C /* NotifivationAttachementType.swift in Sources */,
				C75A33EE21F4264E0057E33C /* UNService.swift in Sources */,
				C75A33E821F423EB0057E33C /* UnView.swift in Sources */,
				C75A33F021F4540A0057E33C /* AlertService.swift in Sources */,
			);
			runOnlyForDeploymentPostprocessing = 0;
		};
/* End PBXSourcesBuildPhase section */

/* Begin PBXVariantGroup section */
		C75A33D921F4232E0057E33C /* Main.storyboard */ = {
			isa = PBXVariantGroup;
			children = (
				C75A33DA21F4232E0057E33C /* Base */,
			);
			name = Main.storyboard;
			sourceTree = "<group>";
		};
		C75A33DE21F423310057E33C /* LaunchScreen.storyboard */ = {
			isa = PBXVariantGroup;
			children = (
				C75A33DF21F423310057E33C /* Base */,
			);
			name = LaunchScreen.storyboard;
			sourceTree = "<group>";
		};
/* End PBXVariantGroup section */

/* Begin XCBuildConfiguration section */
		C75A33E221F423310057E33C /* Debug */ = {
			isa = XCBuildConfiguration;
			buildSettings = {
				ALWAYS_SEARCH_USER_PATHS = NO;
				CLANG_ANALYZER_NONNULL = YES;
				CLANG_ANALYZER_NUMBER_OBJECT_CONVERSION = YES_AGGRESSIVE;
				CLANG_CXX_LANGUAGE_STANDARD = "gnu++14";
				CLANG_CXX_LIBRARY = "libc++";
				CLANG_ENABLE_MODULES = YES;
				CLANG_ENABLE_OBJC_ARC = YES;
				CLANG_ENABLE_OBJC_WEAK = YES;
				CLANG_WARN_BLOCK_CAPTURE_AUTORELEASING = YES;
				CLANG_WARN_BOOL_CONVERSION = YES;
				CLANG_WARN_COMMA = YES;
				CLANG_WARN_CONSTANT_CONVERSION = YES;
				CLANG_WARN_DEPRECATED_OBJC_IMPLEMENTATIONS = YES;
				CLANG_WARN_DIRECT_OBJC_ISA_USAGE = YES_ERROR;
				CLANG_WARN_DOCUMENTATION_COMMENTS = YES;
				CLANG_WARN_EMPTY_BODY = YES;
				CLANG_WARN_ENUM_CONVERSION = YES;
				CLANG_WARN_INFINITE_RECURSION = YES;
				CLANG_WARN_INT_CONVERSION = YES;
				CLANG_WARN_NON_LITERAL_NULL_CONVERSION = YES;
				CLANG_WARN_OBJC_IMPLICIT_RETAIN_SELF = YES;
				CLANG_WARN_OBJC_LITERAL_CONVERSION = YES;
				CLANG_WARN_OBJC_ROOT_CLASS = YES_ERROR;
				CLANG_WARN_RANGE_LOOP_ANALYSIS = YES;
				CLANG_WARN_STRICT_PROTOTYPES = YES;
				CLANG_WARN_SUSPICIOUS_MOVE = YES;
				CLANG_WARN_UNGUARDED_AVAILABILITY = YES_AGGRESSIVE;
				CLANG_WARN_UNREACHABLE_CODE = YES;
				CLANG_WARN__DUPLICATE_METHOD_MATCH = YES;
				CODE_SIGN_IDENTITY = "iPhone Developer";
				COPY_PHASE_STRIP = NO;
				DEBUG_INFORMATION_FORMAT = dwarf;
				ENABLE_STRICT_OBJC_MSGSEND = YES;
				ENABLE_TESTABILITY = YES;
				GCC_C_LANGUAGE_STANDARD = gnu11;
				GCC_DYNAMIC_NO_PIC = NO;
				GCC_NO_COMMON_BLOCKS = YES;
				GCC_OPTIMIZATION_LEVEL = 0;
				GCC_PREPROCESSOR_DEFINITIONS = (
					"DEBUG=1",
					"$(inherited)",
				);
				GCC_WARN_64_TO_32_BIT_CONVERSION = YES;
				GCC_WARN_ABOUT_RETURN_TYPE = YES_ERROR;
				GCC_WARN_UNDECLARED_SELECTOR = YES;
				GCC_WARN_UNINITIALIZED_AUTOS = YES_AGGRESSIVE;
				GCC_WARN_UNUSED_FUNCTION = YES;
				GCC_WARN_UNUSED_VARIABLE = YES;
				IPHONEOS_DEPLOYMENT_TARGET = 12.1;
				MTL_ENABLE_DEBUG_INFO = INCLUDE_SOURCE;
				MTL_FAST_MATH = YES;
				ONLY_ACTIVE_ARCH = YES;
				SDKROOT = iphoneos;
				SWIFT_ACTIVE_COMPILATION_CONDITIONS = DEBUG;
				SWIFT_OPTIMIZATION_LEVEL = "-Onone";
			};
			name = Debug;
		};
		C75A33E321F423310057E33C /* Release */ = {
			isa = XCBuildConfiguration;
			buildSettings = {
				ALWAYS_SEARCH_USER_PATHS = NO;
				CLANG_ANALYZER_NONNULL = YES;
				CLANG_ANALYZER_NUMBER_OBJECT_CONVERSION = YES_AGGRESSIVE;
				CLANG_CXX_LANGUAGE_STANDARD = "gnu++14";
				CLANG_CXX_LIBRARY = "libc++";
				CLANG_ENABLE_MODULES = YES;
				CLANG_ENABLE_OBJC_ARC = YES;
				CLANG_ENABLE_OBJC_WEAK = YES;
				CLANG_WARN_BLOCK_CAPTURE_AUTORELEASING = YES;
				CLANG_WARN_BOOL_CONVERSION = YES;
				CLANG_WARN_COMMA = YES;
				CLANG_WARN_CONSTANT_CONVERSION = YES;
				CLANG_WARN_DEPRECATED_OBJC_IMPLEMENTATIONS = YES;
				CLANG_WARN_DIRECT_OBJC_ISA_USAGE = YES_ERROR;
				CLANG_WARN_DOCUMENTATION_COMMENTS = YES;
				CLANG_WARN_EMPTY_BODY = YES;
				CLANG_WARN_ENUM_CONVERSION = YES;
				CLANG_WARN_INFINITE_RECURSION = YES;
				CLANG_WARN_INT_CONVERSION = YES;
				CLANG_WARN_NON_LITERAL_NULL_CONVERSION = YES;
				CLANG_WARN_OBJC_IMPLICIT_RETAIN_SELF = YES;
				CLANG_WARN_OBJC_LITERAL_CONVERSION = YES;
				CLANG_WARN_OBJC_ROOT_CLASS = YES_ERROR;
				CLANG_WARN_RANGE_LOOP_ANALYSIS = YES;
				CLANG_WARN_STRICT_PROTOTYPES = YES;
				CLANG_WARN_SUSPICIOUS_MOVE = YES;
				CLANG_WARN_UNGUARDED_AVAILABILITY = YES_AGGRESSIVE;
				CLANG_WARN_UNREACHABLE_CODE = YES;
				CLANG_WARN__DUPLICATE_METHOD_MATCH = YES;
				CODE_SIGN_IDENTITY = "iPhone Developer";
				COPY_PHASE_STRIP = NO;
				DEBUG_INFORMATION_FORMAT = "dwarf-with-dsym";
				ENABLE_NS_ASSERTIONS = NO;
				ENABLE_STRICT_OBJC_MSGSEND = YES;
				GCC_C_LANGUAGE_STANDARD = gnu11;
				GCC_NO_COMMON_BLOCKS = YES;
				GCC_WARN_64_TO_32_BIT_CONVERSION = YES;
				GCC_WARN_ABOUT_RETURN_TYPE = YES_ERROR;
				GCC_WARN_UNDECLARED_SELECTOR = YES;
				GCC_WARN_UNINITIALIZED_AUTOS = YES_AGGRESSIVE;
				GCC_WARN_UNUSED_FUNCTION = YES;
				GCC_WARN_UNUSED_VARIABLE = YES;
				IPHONEOS_DEPLOYMENT_TARGET = 12.1;
				MTL_ENABLE_DEBUG_INFO = NO;
				MTL_FAST_MATH = YES;
				SDKROOT = iphoneos;
				SWIFT_COMPILATION_MODE = wholemodule;
				SWIFT_OPTIMIZATION_LEVEL = "-O";
				VALIDATE_PRODUCT = YES;
			};
			name = Release;
		};
		C75A33E521F423310057E33C /* Debug */ = {
			isa = XCBuildConfiguration;
			buildSettings = {
				ASSETCATALOG_COMPILER_APPICON_NAME = AppIcon;
				CODE_SIGN_STYLE = Automatic;
				DEVELOPMENT_TEAM = 7WYR3TSXQ5;
				INFOPLIST_FILE = LocalNotification/Info.plist;
				IPHONEOS_DEPLOYMENT_TARGET = 11.0;
				LD_RUNPATH_SEARCH_PATHS = (
					"$(inherited)",
					"@executable_path/Frameworks",
				);
				PRODUCT_BUNDLE_IDENTIFIER = "Canarys-Automations-Pvt-lts.LocalNotification";
				PRODUCT_NAME = "$(TARGET_NAME)";
				SWIFT_VERSION = 4.2;
				TARGETED_DEVICE_FAMILY = "1,2";
			};
			name = Debug;
		};
		C75A33E621F423310057E33C /* Release */ = {
			isa = XCBuildConfiguration;
			buildSettings = {
				ASSETCATALOG_COMPILER_APPICON_NAME = AppIcon;
				CODE_SIGN_STYLE = Automatic;
				DEVELOPMENT_TEAM = 7WYR3TSXQ5;
				INFOPLIST_FILE = LocalNotification/Info.plist;
				IPHONEOS_DEPLOYMENT_TARGET = 11.0;
				LD_RUNPATH_SEARCH_PATHS = (
					"$(inherited)",
					"@executable_path/Frameworks",
				);
				PRODUCT_BUNDLE_IDENTIFIER = "Canarys-Automations-Pvt-lts.LocalNotification";
				PRODUCT_NAME = "$(TARGET_NAME)";
				SWIFT_VERSION = 4.2;
				TARGETED_DEVICE_FAMILY = "1,2";
			};
			name = Release;
		};
/* End XCBuildConfiguration section */

/* Begin XCConfigurationList section */
		C75A33CD21F4232E0057E33C /* Build configuration list for PBXProject "LocalNotification" */ = {
			isa = XCConfigurationList;
			buildConfigurations = (
				C75A33E221F423310057E33C /* Debug */,
				C75A33E321F423310057E33C /* Release */,
			);
			defaultConfigurationIsVisible = 0;
			defaultConfigurationName = Release;
		};
		C75A33E421F423310057E33C /* Build configuration list for PBXNativeTarget "LocalNotification" */ = {
			isa = XCConfigurationList;
			buildConfigurations = (
				C75A33E521F423310057E33C /* Debug */,
				C75A33E621F423310057E33C /* Release */,
			);
			defaultConfigurationIsVisible = 0;
			defaultConfigurationName = Release;
		};
/* End XCConfigurationList section */
	};
	rootObject = C75A33CA21F4232E0057E33C /* Project object */;
}
